
Microsoft Visual Studio Solution File, Format Version 12.00
Project("{FAE04EC0-301F-11D3-BF4B-00C04F79EFBC}") = "CheckAndThrow", "CheckAndThrow\CheckAndThrow.csproj", "{D8CC5088-5AF2-4764-9B5B-237C6A0490EC}"
EndProject
Project("{FAE04EC0-301F-11D3-BF4B-00C04F79EFBC}") = "CheckAndThrow.Tests", "CheckAndThrow.Tests\CheckAndThrow.Tests.csproj", "{2DD3C3A4-A188-4929-B2F1-55848E301EE7}"
EndProject
Global
	GlobalSection(SolutionConfigurationPlatforms) = preSolution
		Debug|Any CPU = Debug|Any CPU
		Debug|x64 = Debug|x64
		Debug|x86 = Debug|x86
		Release|Any CPU = Release|Any CPU
		Release|x64 = Release|x64
		Release|x86 = Release|x86
	EndGlobalSection
	GlobalSection(ProjectConfigurationPlatforms) = postSolution
		{D8CC5088-5AF2-4764-9B5B-237C6A0490EC}.Debug|Any CPU.ActiveCfg = Debug|Any CPU
		{D8CC5088-5AF2-4764-9B5B-237C6A0490EC}.Debug|Any CPU.Build.0 = Debug|Any CPU
		{D8CC5088-5AF2-4764-9B5B-237C6A0490EC}.Debug|x64.ActiveCfg = Debug|Any CPU
		{D8CC5088-5AF2-4764-9B5B-237C6A0490EC}.Debug|x64.Build.0 = Debug|Any CPU
		{D8CC5088-5AF2-4764-9B5B-237C6A0490EC}.Debug|x86.ActiveCfg = Debug|Any CPU
		{D8CC5088-5AF2-4764-9B5B-237C6A0490EC}.Debug|x86.Build.0 = Debug|Any CPU
		{D8CC5088-5AF2-4764-9B5B-237C6A0490EC}.Release|Any CPU.ActiveCfg = Release|Any CPU
		{D8CC5088-5AF2-4764-9B5B-237C6A0490EC}.Release|Any CPU.Build.0 = Release|Any CPU
		{D8CC5088-5AF2-4764-9B5B-237C6A0490EC}.Release|x64.ActiveCfg = Release|Any CPU
		{D8CC5088-5AF2-4764-9B5B-237C6A0490EC}.Release|x64.Build.0 = Release|Any CPU
		{D8CC5088-5AF2-4764-9B5B-237C6A0490EC}.Release|x86.ActiveCfg = Release|Any CPU
		{D8CC5088-5AF2-4764-9B5B-237C6A0490EC}.Release|x86.Build.0 = Release|Any CPU
		{2DD3C3A4-A188-4929-B2F1-55848E301EE7}.Debug|Any CPU.ActiveCfg = Debug|Any CPU
		{2DD3C3A4-A188-4929-B2F1-55848E301EE7}.Debug|Any CPU.Build.0 = Debug|Any CPU
		{2DD3C3A4-A188-4929-B2F1-55848E301EE7}.Debug|x64.ActiveCfg = Debug|Any CPU
		{2DD3C3A4-A188-4929-B2F1-55848E301EE7}.Debug|x64.Build.0 = Debug|Any CPU
		{2DD3C3A4-A188-4929-B2F1-55848E301EE7}.Debug|x86.ActiveCfg = Debug|Any CPU
		{2DD3C3A4-A188-4929-B2F1-55848E301EE7}.Debug|x86.Build.0 = Debug|Any CPU
		{2DD3C3A4-A188-4929-B2F1-55848E301EE7}.Release|Any CPU.ActiveCfg = Release|Any CPU
		{2DD3C3A4-A188-4929-B2F1-55848E301EE7}.Release|Any CPU.Build.0 = Release|Any CPU
		{2DD3C3A4-A188-4929-B2F1-55848E301EE7}.Release|x64.ActiveCfg = Release|Any CPU
		{2DD3C3A4-A188-4929-B2F1-55848E301EE7}.Release|x64.Build.0 = Release|Any CPU
		{2DD3C3A4-A188-4929-B2F1-55848E301EE7}.Release|x86.ActiveCfg = Release|Any CPU
		{2DD3C3A4-A188-4929-B2F1-55848E301EE7}.Release|x86.Build.0 = Release|Any CPU
	EndGlobalSection
	GlobalSection(SolutionProperties) = preSolution
		HideSolutionNode = FALSE
	EndGlobalSection
EndGlobal
