
Microsoft Visual Studio Solution File, Format Version 12.00
Project("{FAE04EC0-301F-11D3-BF4B-00C04F79EFBC}") = "CheckAndThrow", "CheckAndThrow\CheckAndThrow.csproj", "{D8CC5088-5AF2-4764-9B5B-237C6A0490EC}"
EndProject
Project("{FAE04EC0-301F-11D3-BF4B-00C04F79EFBC}") = "CheckAndThrow.Tests", "CheckAndThrow.Tests\CheckAndThrow.Tests.csproj", "{2DD3C3A4-A188-4929-B2F1-55848E301EE7}"
EndProject
Project("{FAE04EC0-301F-11D3-BF4B-00C04F79EFBC}") = "CheckAndThrow.Analyzers", "CheckAndThrow.Analyzers\CheckAndThrow.Analyzers.csproj", "{EC012806-2975-4A81-B790-67A9F6E1BAA0}"
EndProject
Project("{FAE04EC0-301F-11D3-BF4B-00C04F79EFBC}") = "CheckAndThrow.Analyzers.Tests", "CheckAndThrow.Analyzers.Tests\CheckAndThrow.Analyzers.Tests.csproj", "{0972CE99-02A1-4051-AF5A-6B0D9AE1FC94}"
EndProject
Project("{FAE04EC0-301F-11D3-BF4B-00C04F79EFBC}") = "CheckAndThrow.Analyzers.Demo", "CheckAndThrow.Analyzers.Demo\CheckAndThrow.Analyzers.Demo.csproj", "{6DC986B6-B068-4477-997F-CF4330FC1185}"
EndProject
Global
	GlobalSection(SolutionConfigurationPlatforms) = preSolution
		Debug|Any CPU = Debug|Any CPU
		Debug|x64 = Debug|x64
		Debug|x86 = Debug|x86
		Release|Any CPU = Release|Any CPU
		Release|x64 = Release|x64
		Release|x86 = Release|x86
	EndGlobalSection
	GlobalSection(ProjectConfigurationPlatforms) = postSolution
		{D8CC5088-5AF2-4764-9B5B-237C6A0490EC}.Debug|Any CPU.ActiveCfg = Debug|Any CPU
		{D8CC5088-5AF2-4764-9B5B-237C6A0490EC}.Debug|Any CPU.Build.0 = Debug|Any CPU
		{D8CC5088-5AF2-4764-9B5B-237C6A0490EC}.Debug|x64.ActiveCfg = Debug|Any CPU
		{D8CC5088-5AF2-4764-9B5B-237C6A0490EC}.Debug|x64.Build.0 = Debug|Any CPU
		{D8CC5088-5AF2-4764-9B5B-237C6A0490EC}.Debug|x86.ActiveCfg = Debug|Any CPU
		{D8CC5088-5AF2-4764-9B5B-237C6A0490EC}.Debug|x86.Build.0 = Debug|Any CPU
		{D8CC5088-5AF2-4764-9B5B-237C6A0490EC}.Release|Any CPU.ActiveCfg = Release|Any CPU
		{D8CC5088-5AF2-4764-9B5B-237C6A0490EC}.Release|Any CPU.Build.0 = Release|Any CPU
		{D8CC5088-5AF2-4764-9B5B-237C6A0490EC}.Release|x64.ActiveCfg = Release|Any CPU
		{D8CC5088-5AF2-4764-9B5B-237C6A0490EC}.Release|x64.Build.0 = Release|Any CPU
		{D8CC5088-5AF2-4764-9B5B-237C6A0490EC}.Release|x86.ActiveCfg = Release|Any CPU
		{D8CC5088-5AF2-4764-9B5B-237C6A0490EC}.Release|x86.Build.0 = Release|Any CPU
		{2DD3C3A4-A188-4929-B2F1-55848E301EE7}.Debug|Any CPU.ActiveCfg = Debug|Any CPU
		{2DD3C3A4-A188-4929-B2F1-55848E301EE7}.Debug|Any CPU.Build.0 = Debug|Any CPU
		{2DD3C3A4-A188-4929-B2F1-55848E301EE7}.Debug|x64.ActiveCfg = Debug|Any CPU
		{2DD3C3A4-A188-4929-B2F1-55848E301EE7}.Debug|x64.Build.0 = Debug|Any CPU
		{2DD3C3A4-A188-4929-B2F1-55848E301EE7}.Debug|x86.ActiveCfg = Debug|Any CPU
		{2DD3C3A4-A188-4929-B2F1-55848E301EE7}.Debug|x86.Build.0 = Debug|Any CPU
		{2DD3C3A4-A188-4929-B2F1-55848E301EE7}.Release|Any CPU.ActiveCfg = Release|Any CPU
		{2DD3C3A4-A188-4929-B2F1-55848E301EE7}.Release|Any CPU.Build.0 = Release|Any CPU
		{2DD3C3A4-A188-4929-B2F1-55848E301EE7}.Release|x64.ActiveCfg = Release|Any CPU
		{2DD3C3A4-A188-4929-B2F1-55848E301EE7}.Release|x64.Build.0 = Release|Any CPU
		{2DD3C3A4-A188-4929-B2F1-55848E301EE7}.Release|x86.ActiveCfg = Release|Any CPU
		{2DD3C3A4-A188-4929-B2F1-55848E301EE7}.Release|x86.Build.0 = Release|Any CPU
		{EC012806-2975-4A81-B790-67A9F6E1BAA0}.Debug|Any CPU.ActiveCfg = Debug|Any CPU
		{EC012806-2975-4A81-B790-67A9F6E1BAA0}.Debug|Any CPU.Build.0 = Debug|Any CPU
		{EC012806-2975-4A81-B790-67A9F6E1BAA0}.Debug|x64.ActiveCfg = Debug|Any CPU
		{EC012806-2975-4A81-B790-67A9F6E1BAA0}.Debug|x64.Build.0 = Debug|Any CPU
		{EC012806-2975-4A81-B790-67A9F6E1BAA0}.Debug|x86.ActiveCfg = Debug|Any CPU
		{EC012806-2975-4A81-B790-67A9F6E1BAA0}.Debug|x86.Build.0 = Debug|Any CPU
		{EC012806-2975-4A81-B790-67A9F6E1BAA0}.Release|Any CPU.ActiveCfg = Release|Any CPU
		{EC012806-2975-4A81-B790-67A9F6E1BAA0}.Release|Any CPU.Build.0 = Release|Any CPU
		{EC012806-2975-4A81-B790-67A9F6E1BAA0}.Release|x64.ActiveCfg = Release|Any CPU
		{EC012806-2975-4A81-B790-67A9F6E1BAA0}.Release|x64.Build.0 = Release|Any CPU
		{EC012806-2975-4A81-B790-67A9F6E1BAA0}.Release|x86.ActiveCfg = Release|Any CPU
		{EC012806-2975-4A81-B790-67A9F6E1BAA0}.Release|x86.Build.0 = Release|Any CPU
		{0972CE99-02A1-4051-AF5A-6B0D9AE1FC94}.Debug|Any CPU.ActiveCfg = Debug|Any CPU
		{0972CE99-02A1-4051-AF5A-6B0D9AE1FC94}.Debug|Any CPU.Build.0 = Debug|Any CPU
		{0972CE99-02A1-4051-AF5A-6B0D9AE1FC94}.Debug|x64.ActiveCfg = Debug|Any CPU
		{0972CE99-02A1-4051-AF5A-6B0D9AE1FC94}.Debug|x64.Build.0 = Debug|Any CPU
		{0972CE99-02A1-4051-AF5A-6B0D9AE1FC94}.Debug|x86.ActiveCfg = Debug|Any CPU
		{0972CE99-02A1-4051-AF5A-6B0D9AE1FC94}.Debug|x86.Build.0 = Debug|Any CPU
		{0972CE99-02A1-4051-AF5A-6B0D9AE1FC94}.Release|Any CPU.ActiveCfg = Release|Any CPU
		{0972CE99-02A1-4051-AF5A-6B0D9AE1FC94}.Release|Any CPU.Build.0 = Release|Any CPU
		{0972CE99-02A1-4051-AF5A-6B0D9AE1FC94}.Release|x64.ActiveCfg = Release|Any CPU
		{0972CE99-02A1-4051-AF5A-6B0D9AE1FC94}.Release|x64.Build.0 = Release|Any CPU
		{0972CE99-02A1-4051-AF5A-6B0D9AE1FC94}.Release|x86.ActiveCfg = Release|Any CPU
		{0972CE99-02A1-4051-AF5A-6B0D9AE1FC94}.Release|x86.Build.0 = Release|Any CPU
		{6DC986B6-B068-4477-997F-CF4330FC1185}.Debug|Any CPU.ActiveCfg = Debug|Any CPU
		{6DC986B6-B068-4477-997F-CF4330FC1185}.Debug|Any CPU.Build.0 = Debug|Any CPU
		{6DC986B6-B068-4477-997F-CF4330FC1185}.Debug|x64.ActiveCfg = Debug|Any CPU
		{6DC986B6-B068-4477-997F-CF4330FC1185}.Debug|x64.Build.0 = Debug|Any CPU
		{6DC986B6-B068-4477-997F-CF4330FC1185}.Debug|x86.ActiveCfg = Debug|Any CPU
		{6DC986B6-B068-4477-997F-CF4330FC1185}.Debug|x86.Build.0 = Debug|Any CPU
		{6DC986B6-B068-4477-997F-CF4330FC1185}.Release|Any CPU.ActiveCfg = Release|Any CPU
		{6DC986B6-B068-4477-997F-CF4330FC1185}.Release|Any CPU.Build.0 = Release|Any CPU
		{6DC986B6-B068-4477-997F-CF4330FC1185}.Release|x64.ActiveCfg = Release|Any CPU
		{6DC986B6-B068-4477-997F-CF4330FC1185}.Release|x64.Build.0 = Release|Any CPU
		{6DC986B6-B068-4477-997F-CF4330FC1185}.Release|x86.ActiveCfg = Release|Any CPU
		{6DC986B6-B068-4477-997F-CF4330FC1185}.Release|x86.Build.0 = Release|Any CPU
	EndGlobalSection
	GlobalSection(SolutionProperties) = preSolution
		HideSolutionNode = FALSE
	EndGlobalSection
EndGlobal
